
Microsoft Visual Studio Solution File, Format Version 12.00
# Visual Studio 15
VisualStudioVersion = 15.0.28307.1062
MinimumVisualStudioVersion = 10.0.40219.1
Project("{FAE04EC0-301F-11D3-BF4B-00C04F79EFBC}") = "AbstractionInterface", "AbstractionInterface\AbstractionInterface.csproj", "{C5819224-AEC1-4B95-8013-971CABCCE7E5}"
EndProject
Global
	GlobalSection(SolutionConfigurationPlatforms) = preSolution
		Debug|Any CPU = Debug|Any CPU
		Release|Any CPU = Release|Any CPU
	EndGlobalSection
	GlobalSection(ProjectConfigurationPlatforms) = postSolution
		{C5819224-AEC1-4B95-8013-971CABCCE7E5}.Debug|Any CPU.ActiveCfg = Debug|Any CPU
		{C5819224-AEC1-4B95-8013-971CABCCE7E5}.Debug|Any CPU.Build.0 = Debug|Any CPU
		{C5819224-AEC1-4B95-8013-971CABCCE7E5}.Release|Any CPU.ActiveCfg = Release|Any CPU
		{C5819224-AEC1-4B95-8013-971CABCCE7E5}.Release|Any CPU.Build.0 = Release|Any CPU
	EndGlobalSection
	GlobalSection(SolutionProperties) = preSolution
		HideSolutionNode = FALSE
	EndGlobalSection
	GlobalSection(ExtensibilityGlobals) = postSolution
		SolutionGuid = {364BEFD2-3EA5-4854-8454-CD18F18A2163}
	EndGlobalSection
EndGlobal
